
Microsoft Visual Studio Solution File, Format Version 12.00
# Visual Studio 15
Project("{FAE04EC0-301F-11D3-BF4B-00C04F79EFBC}") = "Assembly-CSharp", "Assembly-CSharp.csproj", "{D8FB5E7C-A32F-7394-4BB9-9631BB4B457B}"
EndProject
Project("{FAE04EC0-301F-11D3-BF4B-00C04F79EFBC}") = "Assembly-CSharp-Editor", "Assembly-CSharp-Editor.csproj", "{36DCFF31-D8A8-7835-86C2-045A45BF9630}"
EndProject
Global
	GlobalSection(SolutionConfigurationPlatforms) = preSolution
		Debug|Any CPU = Debug|Any CPU
		Release|Any CPU = Release|Any CPU
	EndGlobalSection
	GlobalSection(ProjectConfigurationPlatforms) = postSolution
		{D8FB5E7C-A32F-7394-4BB9-9631BB4B457B}.Debug|Any CPU.ActiveCfg = Debug|Any CPU
		{D8FB5E7C-A32F-7394-4BB9-9631BB4B457B}.Debug|Any CPU.Build.0 = Debug|Any CPU
		{D8FB5E7C-A32F-7394-4BB9-9631BB4B457B}.Release|Any CPU.ActiveCfg = Release|Any CPU
		{D8FB5E7C-A32F-7394-4BB9-9631BB4B457B}.Release|Any CPU.Build.0 = Release|Any CPU
		{36DCFF31-D8A8-7835-86C2-045A45BF9630}.Debug|Any CPU.ActiveCfg = Debug|Any CPU
		{36DCFF31-D8A8-7835-86C2-045A45BF9630}.Debug|Any CPU.Build.0 = Debug|Any CPU
		{36DCFF31-D8A8-7835-86C2-045A45BF9630}.Release|Any CPU.ActiveCfg = Release|Any CPU
		{36DCFF31-D8A8-7835-86C2-045A45BF9630}.Release|Any CPU.Build.0 = Release|Any CPU
	EndGlobalSection
	GlobalSection(SolutionProperties) = preSolution
		HideSolutionNode = FALSE
	EndGlobalSection
EndGlobal
